
Microsoft Visual Studio Solution File, Format Version 12.00
# Visual Studio Version 17
VisualStudioVersion = 17.8.34322.80
MinimumVisualStudioVersion = 10.0.40219.1
Project("{2150E333-8FDC-42A3-9474-1A3956D46DE8}") = "APIs", "APIs", "{06C492B0-B4E2-4DC1-BF48-0843BDA75512}"
EndProject
Project("{2150E333-8FDC-42A3-9474-1A3956D46DE8}") = "Domain", "Domain", "{7310A178-D74D-45BB-A0B4-DAC26193BAF1}"
EndProject
Project("{2150E333-8FDC-42A3-9474-1A3956D46DE8}") = "Gateways", "Gateways", "{00290FF2-44E7-47C1-83AC-E944FC165BA5}"
EndProject
Project("{2150E333-8FDC-42A3-9474-1A3956D46DE8}") = "Order", "Order", "{B797ADB5-7808-4510-A2CE-B0C3CD5285A6}"
EndProject
Project("{2150E333-8FDC-42A3-9474-1A3956D46DE8}") = "Pencil", "Pencil", "{A77188B6-6C7F-4F8E-A8D6-4D3AD65CB7C6}"
EndProject
Project("{2150E333-8FDC-42A3-9474-1A3956D46DE8}") = "User", "User", "{C9CB0355-B6BC-4F32-8952-E03C3C81085D}"
EndProject
Project("{9A19103F-16F7-4668-BE54-9A1E7A4F7556}") = "GraphiteApi.Domain.Commons", "Domain\GraphiteApi.Domain.Commons\GraphiteApi.Domain.Commons.csproj", "{4336D4BE-FA66-4E62-B071-5404135587C4}"
EndProject
Project("{9A19103F-16F7-4668-BE54-9A1E7A4F7556}") = "GraphiteApi.Order.API", "APIs\Order\GraphiteApi.Order.API\GraphiteApi.Order.API.csproj", "{56864608-71C7-407C-9213-43593CAE4239}"
EndProject
Project("{9A19103F-16F7-4668-BE54-9A1E7A4F7556}") = "GraphiteApi.Order.DataAccess", "APIs\Order\GraphiteApi.Order.DataAccess\GraphiteApi.Order.DataAccess.csproj", "{A0010521-E1CA-43D8-9133-8B1E4E977FCC}"
EndProject
Project("{9A19103F-16F7-4668-BE54-9A1E7A4F7556}") = "GraphiteApi.User.API", "APIs\User\GraphiteApi.User.API\GraphiteApi.User.API.csproj", "{73BE863D-A5B5-4790-BAA2-99A93D563237}"
EndProject
Project("{9A19103F-16F7-4668-BE54-9A1E7A4F7556}") = "GraphiteApi.User.DataAccess", "APIs\User\GraphiteApi.User.DataAccess\GraphiteApi.User.DataAccess.csproj", "{5058EBF4-CCED-497A-83AD-9B777803F79A}"
EndProject
Project("{E53339B2-1760-4266-BCC7-CA923CBCF16C}") = "docker-compose", "docker-compose.dcproj", "{79604BB4-78F2-4044-AB39-E9A5FD334A6B}"
EndProject
Project("{9A19103F-16F7-4668-BE54-9A1E7A4F7556}") = "GraphiteApi.SuperGateway", "Gateways\GraphiteApi.SuperGateway\GraphiteApi.SuperGateway.csproj", "{F4E7F65F-7C27-4CF0-BB5E-7E057D5F8A8D}"
EndProject
Project("{9A19103F-16F7-4668-BE54-9A1E7A4F7556}") = "GraphiteApi.Order.BusinessLogic", "APIs\Order\GraphiteApi.Order.BusinessLogic\GraphiteApi.Order.BusinessLogic.csproj", "{2AE1A0A5-06C7-4EA0-B042-3BF778417C8C}"
EndProject
Project("{9A19103F-16F7-4668-BE54-9A1E7A4F7556}") = "GraphiteApi.User.BusinessLogic", "APIs\User\GraphiteApi.User.BusinessLogic\GraphiteApi.User.BusinessLogic.csproj", "{9C988C5D-AD34-49E1-AB2F-09945998A0B2}"
EndProject
Project("{9A19103F-16F7-4668-BE54-9A1E7A4F7556}") = "GraphiteApi.Pencil.API", "APIs\Pencil\GraphiteApi.Pencil.API\GraphiteApi.Pencil.API.csproj", "{D059EF42-C16D-430B-829E-E0B03778B96C}"
EndProject
Project("{9A19103F-16F7-4668-BE54-9A1E7A4F7556}") = "GraphiteApi.Pencil.DataAccess", "APIs\Pencil\GraphiteApi.Pencil.DataAccess\GraphiteApi.Pencil.DataAccess.csproj", "{7C1A6AF8-35E4-4A11-A54D-ACFA36F63B56}"
EndProject
Project("{FAE04EC0-301F-11D3-BF4B-00C04F79EFBC}") = "GraphiteApi.Pencil.BusinessLogic", "APIs\Pencil\GraphiteApi.Pencil.BusinessLogic\GraphiteApi.Pencil.BusinessLogic.csproj", "{A5ED318E-1FA6-4506-80A0-EB55A9ACB2C0}"
EndProject
Global
	GlobalSection(SolutionConfigurationPlatforms) = preSolution
		Debug|Any CPU = Debug|Any CPU
		Release|Any CPU = Release|Any CPU
	EndGlobalSection
	GlobalSection(ProjectConfigurationPlatforms) = postSolution
		{4336D4BE-FA66-4E62-B071-5404135587C4}.Debug|Any CPU.ActiveCfg = Debug|Any CPU
		{4336D4BE-FA66-4E62-B071-5404135587C4}.Debug|Any CPU.Build.0 = Debug|Any CPU
		{4336D4BE-FA66-4E62-B071-5404135587C4}.Release|Any CPU.ActiveCfg = Release|Any CPU
		{4336D4BE-FA66-4E62-B071-5404135587C4}.Release|Any CPU.Build.0 = Release|Any CPU
		{56864608-71C7-407C-9213-43593CAE4239}.Debug|Any CPU.ActiveCfg = Debug|Any CPU
		{56864608-71C7-407C-9213-43593CAE4239}.Debug|Any CPU.Build.0 = Debug|Any CPU
		{56864608-71C7-407C-9213-43593CAE4239}.Release|Any CPU.ActiveCfg = Release|Any CPU
		{56864608-71C7-407C-9213-43593CAE4239}.Release|Any CPU.Build.0 = Release|Any CPU
		{A0010521-E1CA-43D8-9133-8B1E4E977FCC}.Debug|Any CPU.ActiveCfg = Debug|Any CPU
		{A0010521-E1CA-43D8-9133-8B1E4E977FCC}.Debug|Any CPU.Build.0 = Debug|Any CPU
		{A0010521-E1CA-43D8-9133-8B1E4E977FCC}.Release|Any CPU.ActiveCfg = Release|Any CPU
		{A0010521-E1CA-43D8-9133-8B1E4E977FCC}.Release|Any CPU.Build.0 = Release|Any CPU
		{73BE863D-A5B5-4790-BAA2-99A93D563237}.Debug|Any CPU.ActiveCfg = Debug|Any CPU
		{73BE863D-A5B5-4790-BAA2-99A93D563237}.Debug|Any CPU.Build.0 = Debug|Any CPU
		{73BE863D-A5B5-4790-BAA2-99A93D563237}.Release|Any CPU.ActiveCfg = Release|Any CPU
		{73BE863D-A5B5-4790-BAA2-99A93D563237}.Release|Any CPU.Build.0 = Release|Any CPU
		{5058EBF4-CCED-497A-83AD-9B777803F79A}.Debug|Any CPU.ActiveCfg = Debug|Any CPU
		{5058EBF4-CCED-497A-83AD-9B777803F79A}.Debug|Any CPU.Build.0 = Debug|Any CPU
		{5058EBF4-CCED-497A-83AD-9B777803F79A}.Release|Any CPU.ActiveCfg = Release|Any CPU
		{5058EBF4-CCED-497A-83AD-9B777803F79A}.Release|Any CPU.Build.0 = Release|Any CPU
		{79604BB4-78F2-4044-AB39-E9A5FD334A6B}.Debug|Any CPU.ActiveCfg = Debug|Any CPU
		{79604BB4-78F2-4044-AB39-E9A5FD334A6B}.Debug|Any CPU.Build.0 = Debug|Any CPU
		{79604BB4-78F2-4044-AB39-E9A5FD334A6B}.Release|Any CPU.ActiveCfg = Release|Any CPU
		{79604BB4-78F2-4044-AB39-E9A5FD334A6B}.Release|Any CPU.Build.0 = Release|Any CPU
		{F4E7F65F-7C27-4CF0-BB5E-7E057D5F8A8D}.Debug|Any CPU.ActiveCfg = Debug|Any CPU
		{F4E7F65F-7C27-4CF0-BB5E-7E057D5F8A8D}.Debug|Any CPU.Build.0 = Debug|Any CPU
		{F4E7F65F-7C27-4CF0-BB5E-7E057D5F8A8D}.Release|Any CPU.ActiveCfg = Release|Any CPU
		{F4E7F65F-7C27-4CF0-BB5E-7E057D5F8A8D}.Release|Any CPU.Build.0 = Release|Any CPU
		{2AE1A0A5-06C7-4EA0-B042-3BF778417C8C}.Debug|Any CPU.ActiveCfg = Debug|Any CPU
		{2AE1A0A5-06C7-4EA0-B042-3BF778417C8C}.Debug|Any CPU.Build.0 = Debug|Any CPU
		{2AE1A0A5-06C7-4EA0-B042-3BF778417C8C}.Release|Any CPU.ActiveCfg = Release|Any CPU
		{2AE1A0A5-06C7-4EA0-B042-3BF778417C8C}.Release|Any CPU.Build.0 = Release|Any CPU
		{9C988C5D-AD34-49E1-AB2F-09945998A0B2}.Debug|Any CPU.ActiveCfg = Debug|Any CPU
		{9C988C5D-AD34-49E1-AB2F-09945998A0B2}.Debug|Any CPU.Build.0 = Debug|Any CPU
		{9C988C5D-AD34-49E1-AB2F-09945998A0B2}.Release|Any CPU.ActiveCfg = Release|Any CPU
		{9C988C5D-AD34-49E1-AB2F-09945998A0B2}.Release|Any CPU.Build.0 = Release|Any CPU
		{D059EF42-C16D-430B-829E-E0B03778B96C}.Debug|Any CPU.ActiveCfg = Debug|Any CPU
		{D059EF42-C16D-430B-829E-E0B03778B96C}.Debug|Any CPU.Build.0 = Debug|Any CPU
		{D059EF42-C16D-430B-829E-E0B03778B96C}.Release|Any CPU.ActiveCfg = Release|Any CPU
		{D059EF42-C16D-430B-829E-E0B03778B96C}.Release|Any CPU.Build.0 = Release|Any CPU
		{7C1A6AF8-35E4-4A11-A54D-ACFA36F63B56}.Debug|Any CPU.ActiveCfg = Debug|Any CPU
		{7C1A6AF8-35E4-4A11-A54D-ACFA36F63B56}.Debug|Any CPU.Build.0 = Debug|Any CPU
		{7C1A6AF8-35E4-4A11-A54D-ACFA36F63B56}.Release|Any CPU.ActiveCfg = Release|Any CPU
		{7C1A6AF8-35E4-4A11-A54D-ACFA36F63B56}.Release|Any CPU.Build.0 = Release|Any CPU
		{A5ED318E-1FA6-4506-80A0-EB55A9ACB2C0}.Debug|Any CPU.ActiveCfg = Debug|Any CPU
		{A5ED318E-1FA6-4506-80A0-EB55A9ACB2C0}.Debug|Any CPU.Build.0 = Debug|Any CPU
		{A5ED318E-1FA6-4506-80A0-EB55A9ACB2C0}.Release|Any CPU.ActiveCfg = Release|Any CPU
		{A5ED318E-1FA6-4506-80A0-EB55A9ACB2C0}.Release|Any CPU.Build.0 = Release|Any CPU
	EndGlobalSection
	GlobalSection(SolutionProperties) = preSolution
		HideSolutionNode = FALSE
	EndGlobalSection
	GlobalSection(NestedProjects) = preSolution
		{B797ADB5-7808-4510-A2CE-B0C3CD5285A6} = {06C492B0-B4E2-4DC1-BF48-0843BDA75512}
		{A77188B6-6C7F-4F8E-A8D6-4D3AD65CB7C6} = {06C492B0-B4E2-4DC1-BF48-0843BDA75512}
		{C9CB0355-B6BC-4F32-8952-E03C3C81085D} = {06C492B0-B4E2-4DC1-BF48-0843BDA75512}
		{4336D4BE-FA66-4E62-B071-5404135587C4} = {7310A178-D74D-45BB-A0B4-DAC26193BAF1}
		{56864608-71C7-407C-9213-43593CAE4239} = {B797ADB5-7808-4510-A2CE-B0C3CD5285A6}
		{A0010521-E1CA-43D8-9133-8B1E4E977FCC} = {B797ADB5-7808-4510-A2CE-B0C3CD5285A6}
		{73BE863D-A5B5-4790-BAA2-99A93D563237} = {C9CB0355-B6BC-4F32-8952-E03C3C81085D}
		{5058EBF4-CCED-497A-83AD-9B777803F79A} = {C9CB0355-B6BC-4F32-8952-E03C3C81085D}
		{F4E7F65F-7C27-4CF0-BB5E-7E057D5F8A8D} = {00290FF2-44E7-47C1-83AC-E944FC165BA5}
		{2AE1A0A5-06C7-4EA0-B042-3BF778417C8C} = {B797ADB5-7808-4510-A2CE-B0C3CD5285A6}
		{9C988C5D-AD34-49E1-AB2F-09945998A0B2} = {C9CB0355-B6BC-4F32-8952-E03C3C81085D}
		{D059EF42-C16D-430B-829E-E0B03778B96C} = {A77188B6-6C7F-4F8E-A8D6-4D3AD65CB7C6}
		{7C1A6AF8-35E4-4A11-A54D-ACFA36F63B56} = {A77188B6-6C7F-4F8E-A8D6-4D3AD65CB7C6}
		{A5ED318E-1FA6-4506-80A0-EB55A9ACB2C0} = {A77188B6-6C7F-4F8E-A8D6-4D3AD65CB7C6}
	EndGlobalSection
	GlobalSection(ExtensibilityGlobals) = postSolution
		SolutionGuid = {59822163-E0DD-4481-8B31-19128D4DC31A}
	EndGlobalSection
EndGlobal
